
Microsoft Visual Studio Solution File, Format Version 12.00
# Visual Studio Version 16
VisualStudioVersion = 16.0.30011.22
MinimumVisualStudioVersion = 10.0.40219.1
Project("{9A19103F-16F7-4668-BE54-9A1E7A4F7556}") = "PreciousDotNet", "PreciousDotNet\PreciousDotNet.csproj", "{09A9DB1C-73FE-4751-B840-9619100EA320}"
EndProject
Project("{FAE04EC0-301F-11D3-BF4B-00C04F79EFBC}") = "PreciousDotNet.Test", "PreciousDotNet.Test\PreciousDotNet.Test.csproj", "{D3755D0A-1002-4705-930D-BFEBE0041359}"
EndProject
Global
	GlobalSection(SolutionConfigurationPlatforms) = preSolution
		Debug|Any CPU = Debug|Any CPU
		Release|Any CPU = Release|Any CPU
	EndGlobalSection
	GlobalSection(ProjectConfigurationPlatforms) = postSolution
		{09A9DB1C-73FE-4751-B840-9619100EA320}.Debug|Any CPU.ActiveCfg = Debug|Any CPU
		{09A9DB1C-73FE-4751-B840-9619100EA320}.Debug|Any CPU.Build.0 = Debug|Any CPU
		{09A9DB1C-73FE-4751-B840-9619100EA320}.Release|Any CPU.ActiveCfg = Release|Any CPU
		{09A9DB1C-73FE-4751-B840-9619100EA320}.Release|Any CPU.Build.0 = Release|Any CPU
		{D3755D0A-1002-4705-930D-BFEBE0041359}.Debug|Any CPU.ActiveCfg = Debug|Any CPU
		{D3755D0A-1002-4705-930D-BFEBE0041359}.Debug|Any CPU.Build.0 = Debug|Any CPU
		{D3755D0A-1002-4705-930D-BFEBE0041359}.Release|Any CPU.ActiveCfg = Release|Any CPU
		{D3755D0A-1002-4705-930D-BFEBE0041359}.Release|Any CPU.Build.0 = Release|Any CPU
	EndGlobalSection
	GlobalSection(SolutionProperties) = preSolution
		HideSolutionNode = FALSE
	EndGlobalSection
	GlobalSection(ExtensibilityGlobals) = postSolution
		SolutionGuid = {B8F3F39B-2FE6-4D0A-B650-B3DD01FA2B51}
	EndGlobalSection
EndGlobal
